<Solution>
  <Folder Name="/Solution Items/">
    <File Path="README.md" />
  </Folder>
  <Project Path="Practical24.API/Practical24.API.csproj" />
  <Project Path="Practical24.BAL/Practical24.BAL.csproj" />
  <Project Path="Practical24.DAL/Practical24.DAL.csproj" />
  <Project Path="Practical24.Domain/Practical24.Domain.csproj" />
</Solution>
